
Microsoft Visual Studio Solution File, Format Version 12.00
# Visual Studio Version 17
VisualStudioVersion = 17.8.34511.84
MinimumVisualStudioVersion = 10.0.40219.1
Project("{9A19103F-16F7-4668-BE54-9A1E7A4F7556}") = "lapis", "lapis.csproj", "{E0E36C30-F1EF-4756-BD1B-73302528869A}"
EndProject
Project("{2150E333-8FDC-42A3-9474-1A3956D46DE8}") = "Solution Items", "Solution Items", "{186DDD58-3D4F-4FA4-BF9C-33F01E228E96}"
	ProjectSection(SolutionItems) = preProject
		.editorconfig = .editorconfig
	EndProjectSection
EndProject
Global
	GlobalSection(SolutionConfigurationPlatforms) = preSolution
		Debug|Any CPU = Debug|Any CPU
		Release|Any CPU = Release|Any CPU
	EndGlobalSection
	GlobalSection(ProjectConfigurationPlatforms) = postSolution
		{E0E36C30-F1EF-4756-BD1B-73302528869A}.Debug|Any CPU.ActiveCfg = Debug|Any CPU
		{E0E36C30-F1EF-4756-BD1B-73302528869A}.Debug|Any CPU.Build.0 = Debug|Any CPU
		{E0E36C30-F1EF-4756-BD1B-73302528869A}.Release|Any CPU.ActiveCfg = Release|Any CPU
		{E0E36C30-F1EF-4756-BD1B-73302528869A}.Release|Any CPU.Build.0 = Release|Any CPU
	EndGlobalSection
	GlobalSection(SolutionProperties) = preSolution
		HideSolutionNode = FALSE
	EndGlobalSection
	GlobalSection(ExtensibilityGlobals) = postSolution
		SolutionGuid = {B735F0FB-6D5D-4492-A5BB-55D832126940}
	EndGlobalSection
EndGlobal
